// !$*UTF8*$!
{
	archiveVersion = 1;
	classes = {
	};
	objectVersion = 50;
	objects = {

/* Begin PBXBuildFile section */
		18017A4C273A03A1002A1490 /* htmlView.html in Resources */ = {isa = PBXBuildFile; fileRef = 18017A4B273A03A1002A1490 /* htmlView.html */; };
		183D83F327390D40007A9D50 /* 2.jpg in Resources */ = {isa = PBXBuildFile; fileRef = 183D83E927390D40007A9D50 /* 2.jpg */; };
		183D83F427390D40007A9D50 /* 9.jpg in Resources */ = {isa = PBXBuildFile; fileRef = 183D83EA27390D40007A9D50 /* 9.jpg */; };
		183D83F527390D40007A9D50 /* 10.jpg in Resources */ = {isa = PBXBuildFile; fileRef = 183D83EB27390D40007A9D50 /* 10.jpg */; };
		183D83F627390D40007A9D50 /* 7.jpg in Resources */ = {isa = PBXBuildFile; fileRef = 183D83EC27390D40007A9D50 /* 7.jpg */; };
		183D83F727390D40007A9D50 /* 5.jpg in Resources */ = {isa = PBXBuildFile; fileRef = 183D83ED27390D40007A9D50 /* 5.jpg */; };
		183D83F827390D40007A9D50 /* 6.jpg in Resources */ = {isa = PBXBuildFile; fileRef = 183D83EE27390D40007A9D50 /* 6.jpg */; };
		183D83F927390D40007A9D50 /* 8.jpg in Resources */ = {isa = PBXBuildFile; fileRef = 183D83EF27390D40007A9D50 /* 8.jpg */; };
		183D83FA27390D40007A9D50 /* 1.jpg in Resources */ = {isa = PBXBuildFile; fileRef = 183D83F027390D40007A9D50 /* 1.jpg */; };
		183D83FB27390D40007A9D50 /* 3.jpg in Resources */ = {isa = PBXBuildFile; fileRef = 183D83F127390D40007A9D50 /* 3.jpg */; };
		183D83FC27390D40007A9D50 /* 4.jpg in Resources */ = {isa = PBXBuildFile; fileRef = 183D83F227390D40007A9D50 /* 4.jpg */; };
		18D8FB7D273266F600D7AD8F /* AppDelegate.swift in Sources */ = {isa = PBXBuildFile; fileRef = 18D8FB7C273266F600D7AD8F /* AppDelegate.swift */; };
		18D8FB7F273266F600D7AD8F /* SceneDelegate.swift in Sources */ = {isa = PBXBuildFile; fileRef = 18D8FB7E273266F600D7AD8F /* SceneDelegate.swift */; };
		18D8FB81273266F600D7AD8F /* ViewController.swift in Sources */ = {isa = PBXBuildFile; fileRef = 18D8FB80273266F600D7AD8F /* ViewController.swift */; };
		18D8FB84273266F600D7AD8F /* Main.storyboard in Resources */ = {isa = PBXBuildFile; fileRef = 18D8FB82273266F600D7AD8F /* Main.storyboard */; };
		18D8FB86273266F800D7AD8F /* Assets.xcassets in Resources */ = {isa = PBXBuildFile; fileRef = 18D8FB85273266F800D7AD8F /* Assets.xcassets */; };
		18D8FB89273266F800D7AD8F /* LaunchScreen.storyboard in Resources */ = {isa = PBXBuildFile; fileRef = 18D8FB87273266F800D7AD8F /* LaunchScreen.storyboard */; };
		18D8FB92273269CF00D7AD8F /* Page1ViewController.swift in Sources */ = {isa = PBXBuildFile; fileRef = 18D8FB91273269CF00D7AD8F /* Page1ViewController.swift */; };
		18D8FB95273269D600D7AD8F /* Page2ViewController.swift in Sources */ = {isa = PBXBuildFile; fileRef = 18D8FB94273269D600D7AD8F /* Page2ViewController.swift */; };
/* End PBXBuildFile section */

/* Begin PBXFileReference section */
		18017A4B273A03A1002A1490 /* htmlView.html */ = {isa = PBXFileReference; lastKnownFileType = text.html; path = htmlView.html; sourceTree = "<group>"; };
		183D83E927390D40007A9D50 /* 2.jpg */ = {isa = PBXFileReference; lastKnownFileType = image.jpeg; name = 2.jpg; path = "../../../Downloads/이미지-아카이브/2.jpg"; sourceTree = "<group>"; };
		183D83EA27390D40007A9D50 /* 9.jpg */ = {isa = PBXFileReference; lastKnownFileType = image.jpeg; name = 9.jpg; path = "../../../Downloads/이미지-아카이브/9.jpg"; sourceTree = "<group>"; };
		183D83EB27390D40007A9D50 /* 10.jpg */ = {isa = PBXFileReference; lastKnownFileType = image.jpeg; name = 10.jpg; path = "../../../Downloads/이미지-아카이브/10.jpg"; sourceTree = "<group>"; };
		183D83EC27390D40007A9D50 /* 7.jpg */ = {isa = PBXFileReference; lastKnownFileType = image.jpeg; name = 7.jpg; path = "../../../Downloads/이미지-아카이브/7.jpg"; sourceTree = "<group>"; };
		183D83ED27390D40007A9D50 /* 5.jpg */ = {isa = PBXFileReference; lastKnownFileType = image.jpeg; name = 5.jpg; path = "../../../Downloads/이미지-아카이브/5.jpg"; sourceTree = "<group>"; };
		183D83EE27390D40007A9D50 /* 6.jpg */ = {isa = PBXFileReference; lastKnownFileType = image.jpeg; name = 6.jpg; path = "../../../Downloads/이미지-아카이브/6.jpg"; sourceTree = "<group>"; };
		183D83EF27390D40007A9D50 /* 8.jpg */ = {isa = PBXFileReference; lastKnownFileType = image.jpeg; name = 8.jpg; path = "../../../Downloads/이미지-아카이브/8.jpg"; sourceTree = "<group>"; };
		183D83F027390D40007A9D50 /* 1.jpg */ = {isa = PBXFileReference; lastKnownFileType = image.jpeg; name = 1.jpg; path = "../../../Downloads/이미지-아카이브/1.jpg"; sourceTree = "<group>"; };
		183D83F127390D40007A9D50 /* 3.jpg */ = {isa = PBXFileReference; lastKnownFileType = image.jpeg; name = 3.jpg; path = "../../../Downloads/이미지-아카이브/3.jpg"; sourceTree = "<group>"; };
		183D83F227390D40007A9D50 /* 4.jpg */ = {isa = PBXFileReference; lastKnownFileType = image.jpeg; name = 4.jpg; path = "../../../Downloads/이미지-아카이브/4.jpg"; sourceTree = "<group>"; };
		18D8FB79273266F600D7AD8F /* Day04.app */ = {isa = PBXFileReference; explicitFileType = wrapper.application; includeInIndex = 0; path = Day04.app; sourceTree = BUILT_PRODUCTS_DIR; };
		18D8FB7C273266F600D7AD8F /* AppDelegate.swift */ = {isa = PBXFileReference; lastKnownFileType = sourcecode.swift; path = AppDelegate.swift; sourceTree = "<group>"; };
		18D8FB7E273266F600D7AD8F /* SceneDelegate.swift */ = {isa = PBXFileReference; lastKnownFileType = sourcecode.swift; path = SceneDelegate.swift; sourceTree = "<group>"; };
		18D8FB80273266F600D7AD8F /* ViewController.swift */ = {isa = PBXFileReference; lastKnownFileType = sourcecode.swift; path = ViewController.swift; sourceTree = "<group>"; };
		18D8FB83273266F600D7AD8F /* Base */ = {isa = PBXFileReference; lastKnownFileType = file.storyboard; name = Base; path = Base.lproj/Main.storyboard; sourceTree = "<group>"; };
		18D8FB85273266F800D7AD8F /* Assets.xcassets */ = {isa = PBXFileReference; lastKnownFileType = folder.assetcatalog; path = Assets.xcassets; sourceTree = "<group>"; };
		18D8FB88273266F800D7AD8F /* Base */ = {isa = PBXFileReference; lastKnownFileType = file.storyboard; name = Base; path = Base.lproj/LaunchScreen.storyboard; sourceTree = "<group>"; };
		18D8FB8A273266F800D7AD8F /* Info.plist */ = {isa = PBXFileReference; lastKnownFileType = text.plist.xml; path = Info.plist; sourceTree = "<group>"; };
		18D8FB91273269CF00D7AD8F /* Page1ViewController.swift */ = {isa = PBXFileReference; lastKnownFileType = sourcecode.swift; path = Page1ViewController.swift; sourceTree = "<group>"; };
		18D8FB94273269D600D7AD8F /* Page2ViewController.swift */ = {isa = PBXFileReference; lastKnownFileType = sourcecode.swift; path = Page2ViewController.swift; sourceTree = "<group>"; };
/* End PBXFileReference section */

/* Begin PBXFrameworksBuildPhase section */
		18D8FB76273266F600D7AD8F /* Frameworks */ = {
			isa = PBXFrameworksBuildPhase;
			buildActionMask = 2147483647;
			files = (
			);
			runOnlyForDeploymentPostprocessing = 0;
		};
/* End PBXFrameworksBuildPhase section */

/* Begin PBXGroup section */
		18D8FB70273266F600D7AD8F = {
			isa = PBXGroup;
			children = (
				183D83F027390D40007A9D50 /* 1.jpg */,
				183D83E927390D40007A9D50 /* 2.jpg */,
				183D83F127390D40007A9D50 /* 3.jpg */,
				183D83F227390D40007A9D50 /* 4.jpg */,
				183D83ED27390D40007A9D50 /* 5.jpg */,
				183D83EE27390D40007A9D50 /* 6.jpg */,
				183D83EC27390D40007A9D50 /* 7.jpg */,
				183D83EF27390D40007A9D50 /* 8.jpg */,
				183D83EA27390D40007A9D50 /* 9.jpg */,
				183D83EB27390D40007A9D50 /* 10.jpg */,
				18D8FB7B273266F600D7AD8F /* Day04 */,
				18D8FB7A273266F600D7AD8F /* Products */,
			);
			sourceTree = "<group>";
		};
		18D8FB7A273266F600D7AD8F /* Products */ = {
			isa = PBXGroup;
			children = (
				18D8FB79273266F600D7AD8F /* Day04.app */,
			);
			name = Products;
			sourceTree = "<group>";
		};
		18D8FB7B273266F600D7AD8F /* Day04 */ = {
			isa = PBXGroup;
			children = (
				18D8FB7C273266F600D7AD8F /* AppDelegate.swift */,
				18D8FB7E273266F600D7AD8F /* SceneDelegate.swift */,
				18D8FB80273266F600D7AD8F /* ViewController.swift */,
				18D8FB82273266F600D7AD8F /* Main.storyboard */,
				18017A4B273A03A1002A1490 /* htmlView.html */,
				18D8FB91273269CF00D7AD8F /* Page1ViewController.swift */,
				18D8FB94273269D600D7AD8F /* Page2ViewController.swift */,
				18D8FB85273266F800D7AD8F /* Assets.xcassets */,
				18D8FB87273266F800D7AD8F /* LaunchScreen.storyboard */,
				18D8FB8A273266F800D7AD8F /* Info.plist */,
			);
			path = Day04;
			sourceTree = "<group>";
		};
/* End PBXGroup section */

/* Begin PBXNativeTarget section */
		18D8FB78273266F600D7AD8F /* Day04 */ = {
			isa = PBXNativeTarget;
			buildConfigurationList = 18D8FB8D273266F800D7AD8F /* Build configuration list for PBXNativeTarget "Day04" */;
			buildPhases = (
				18D8FB75273266F600D7AD8F /* Sources */,
				18D8FB76273266F600D7AD8F /* Frameworks */,
				18D8FB77273266F600D7AD8F /* Resources */,
			);
			buildRules = (
			);
			dependencies = (
			);
			name = Day04;
			productName = Day04;
			productReference = 18D8FB79273266F600D7AD8F /* Day04.app */;
			productType = "com.apple.product-type.application";
		};
/* End PBXNativeTarget section */

/* Begin PBXProject section */
		18D8FB71273266F600D7AD8F /* Project object */ = {
			isa = PBXProject;
			attributes = {
				LastSwiftUpdateCheck = 1200;
				LastUpgradeCheck = 1200;
				TargetAttributes = {
					18D8FB78273266F600D7AD8F = {
						CreatedOnToolsVersion = 12.0;
					};
				};
			};
			buildConfigurationList = 18D8FB74273266F600D7AD8F /* Build configuration list for PBXProject "Day04" */;
			compatibilityVersion = "Xcode 9.3";
			developmentRegion = en;
			hasScannedForEncodings = 0;
			knownRegions = (
				en,
				Base,
			);
			mainGroup = 18D8FB70273266F600D7AD8F;
			productRefGroup = 18D8FB7A273266F600D7AD8F /* Products */;
			projectDirPath = "";
			projectRoot = "";
			targets = (
				18D8FB78273266F600D7AD8F /* Day04 */,
			);
		};
/* End PBXProject section */

/* Begin PBXResourcesBuildPhase section */
		18D8FB77273266F600D7AD8F /* Resources */ = {
			isa = PBXResourcesBuildPhase;
			buildActionMask = 2147483647;
			files = (
				183D83FA27390D40007A9D50 /* 1.jpg in Resources */,
				183D83F927390D40007A9D50 /* 8.jpg in Resources */,
				18017A4C273A03A1002A1490 /* htmlView.html in Resources */,
				183D83F827390D40007A9D50 /* 6.jpg in Resources */,
				183D83FB27390D40007A9D50 /* 3.jpg in Resources */,
				18D8FB89273266F800D7AD8F /* LaunchScreen.storyboard in Resources */,
				183D83F727390D40007A9D50 /* 5.jpg in Resources */,
				18D8FB86273266F800D7AD8F /* Assets.xcassets in Resources */,
				183D83F327390D40007A9D50 /* 2.jpg in Resources */,
				183D83F627390D40007A9D50 /* 7.jpg in Resources */,
				183D83F427390D40007A9D50 /* 9.jpg in Resources */,
				183D83F527390D40007A9D50 /* 10.jpg in Resources */,
				18D8FB84273266F600D7AD8F /* Main.storyboard in Resources */,
				183D83FC27390D40007A9D50 /* 4.jpg in Resources */,
			);
			runOnlyForDeploymentPostprocessing = 0;
		};
/* End PBXResourcesBuildPhase section */

/* Begin PBXSourcesBuildPhase section */
		18D8FB75273266F600D7AD8F /* Sources */ = {
			isa = PBXSourcesBuildPhase;
			buildActionMask = 2147483647;
			files = (
				18D8FB95273269D600D7AD8F /* Page2ViewController.swift in Sources */,
				18D8FB81273266F600D7AD8F /* ViewController.swift in Sources */,
				18D8FB92273269CF00D7AD8F /* Page1ViewController.swift in Sources */,
				18D8FB7D273266F600D7AD8F /* AppDelegate.swift in Sources */,
				18D8FB7F273266F600D7AD8F /* SceneDelegate.swift in Sources */,
			);
			runOnlyForDeploymentPostprocessing = 0;
		};
/* End PBXSourcesBuildPhase section */

/* Begin PBXVariantGroup section */
		18D8FB82273266F600D7AD8F /* Main.storyboard */ = {
			isa = PBXVariantGroup;
			children = (
				18D8FB83273266F600D7AD8F /* Base */,
			);
			name = Main.storyboard;
			sourceTree = "<group>";
		};
		18D8FB87273266F800D7AD8F /* LaunchScreen.storyboard */ = {
			isa = PBXVariantGroup;
			children = (
				18D8FB88273266F800D7AD8F /* Base */,
			);
			name = LaunchScreen.storyboard;
			sourceTree = "<group>";
		};
/* End PBXVariantGroup section */

/* Begin XCBuildConfiguration section */
		18D8FB8B273266F800D7AD8F /* Debug */ = {
			isa = XCBuildConfiguration;
			buildSettings = {
				ALWAYS_SEARCH_USER_PATHS = NO;
				CLANG_ANALYZER_NONNULL = YES;
				CLANG_ANALYZER_NUMBER_OBJECT_CONVERSION = YES_AGGRESSIVE;
				CLANG_CXX_LANGUAGE_STANDARD = "gnu++14";
				CLANG_CXX_LIBRARY = "libc++";
				CLANG_ENABLE_MODULES = YES;
				CLANG_ENABLE_OBJC_ARC = YES;
				CLANG_ENABLE_OBJC_WEAK = YES;
				CLANG_WARN_BLOCK_CAPTURE_AUTORELEASING = YES;
				CLANG_WARN_BOOL_CONVERSION = YES;
				CLANG_WARN_COMMA = YES;
				CLANG_WARN_CONSTANT_CONVERSION = YES;
				CLANG_WARN_DEPRECATED_OBJC_IMPLEMENTATIONS = YES;
				CLANG_WARN_DIRECT_OBJC_ISA_USAGE = YES_ERROR;
				CLANG_WARN_DOCUMENTATION_COMMENTS = YES;
				CLANG_WARN_EMPTY_BODY = YES;
				CLANG_WARN_ENUM_CONVERSION = YES;
				CLANG_WARN_INFINITE_RECURSION = YES;
				CLANG_WARN_INT_CONVERSION = YES;
				CLANG_WARN_NON_LITERAL_NULL_CONVERSION = YES;
				CLANG_WARN_OBJC_IMPLICIT_RETAIN_SELF = YES;
				CLANG_WARN_OBJC_LITERAL_CONVERSION = YES;
				CLANG_WARN_OBJC_ROOT_CLASS = YES_ERROR;
				CLANG_WARN_QUOTED_INCLUDE_IN_FRAMEWORK_HEADER = YES;
				CLANG_WARN_RANGE_LOOP_ANALYSIS = YES;
				CLANG_WARN_STRICT_PROTOTYPES = YES;
				CLANG_WARN_SUSPICIOUS_MOVE = YES;
				CLANG_WARN_UNGUARDED_AVAILABILITY = YES_AGGRESSIVE;
				CLANG_WARN_UNREACHABLE_CODE = YES;
				CLANG_WARN__DUPLICATE_METHOD_MATCH = YES;
				COPY_PHASE_STRIP = NO;
				DEBUG_INFORMATION_FORMAT = dwarf;
				ENABLE_STRICT_OBJC_MSGSEND = YES;
				ENABLE_TESTABILITY = YES;
				GCC_C_LANGUAGE_STANDARD = gnu11;
				GCC_DYNAMIC_NO_PIC = NO;
				GCC_NO_COMMON_BLOCKS = YES;
				GCC_OPTIMIZATION_LEVEL = 0;
				GCC_PREPROCESSOR_DEFINITIONS = (
					"DEBUG=1",
					"$(inherited)",
				);
				GCC_WARN_64_TO_32_BIT_CONVERSION = YES;
				GCC_WARN_ABOUT_RETURN_TYPE = YES_ERROR;
				GCC_WARN_UNDECLARED_SELECTOR = YES;
				GCC_WARN_UNINITIALIZED_AUTOS = YES_AGGRESSIVE;
				GCC_WARN_UNUSED_FUNCTION = YES;
				GCC_WARN_UNUSED_VARIABLE = YES;
				IPHONEOS_DEPLOYMENT_TARGET = 14.0;
				MTL_ENABLE_DEBUG_INFO = INCLUDE_SOURCE;
				MTL_FAST_MATH = YES;
				ONLY_ACTIVE_ARCH = YES;
				SDKROOT = iphoneos;
				SWIFT_ACTIVE_COMPILATION_CONDITIONS = DEBUG;
				SWIFT_OPTIMIZATION_LEVEL = "-Onone";
			};
			name = Debug;
		};
		18D8FB8C273266F800D7AD8F /* Release */ = {
			isa = XCBuildConfiguration;
			buildSettings = {
				ALWAYS_SEARCH_USER_PATHS = NO;
				CLANG_ANALYZER_NONNULL = YES;
				CLANG_ANALYZER_NUMBER_OBJECT_CONVERSION = YES_AGGRESSIVE;
				CLANG_CXX_LANGUAGE_STANDARD = "gnu++14";
				CLANG_CXX_LIBRARY = "libc++";
				CLANG_ENABLE_MODULES = YES;
				CLANG_ENABLE_OBJC_ARC = YES;
				CLANG_ENABLE_OBJC_WEAK = YES;
				CLANG_WARN_BLOCK_CAPTURE_AUTORELEASING = YES;
				CLANG_WARN_BOOL_CONVERSION = YES;
				CLANG_WARN_COMMA = YES;
				CLANG_WARN_CONSTANT_CONVERSION = YES;
				CLANG_WARN_DEPRECATED_OBJC_IMPLEMENTATIONS = YES;
				CLANG_WARN_DIRECT_OBJC_ISA_USAGE = YES_ERROR;
				CLANG_WARN_DOCUMENTATION_COMMENTS = YES;
				CLANG_WARN_EMPTY_BODY = YES;
				CLANG_WARN_ENUM_CONVERSION = YES;
				CLANG_WARN_INFINITE_RECURSION = YES;
				CLANG_WARN_INT_CONVERSION = YES;
				CLANG_WARN_NON_LITERAL_NULL_CONVERSION = YES;
				CLANG_WARN_OBJC_IMPLICIT_RETAIN_SELF = YES;
				CLANG_WARN_OBJC_LITERAL_CONVERSION = YES;
				CLANG_WARN_OBJC_ROOT_CLASS = YES_ERROR;
				CLANG_WARN_QUOTED_INCLUDE_IN_FRAMEWORK_HEADER = YES;
				CLANG_WARN_RANGE_LOOP_ANALYSIS = YES;
				CLANG_WARN_STRICT_PROTOTYPES = YES;
				CLANG_WARN_SUSPICIOUS_MOVE = YES;
				CLANG_WARN_UNGUARDED_AVAILABILITY = YES_AGGRESSIVE;
				CLANG_WARN_UNREACHABLE_CODE = YES;
				CLANG_WARN__DUPLICATE_METHOD_MATCH = YES;
				COPY_PHASE_STRIP = NO;
				DEBUG_INFORMATION_FORMAT = "dwarf-with-dsym";
				ENABLE_NS_ASSERTIONS = NO;
				ENABLE_STRICT_OBJC_MSGSEND = YES;
				GCC_C_LANGUAGE_STANDARD = gnu11;
				GCC_NO_COMMON_BLOCKS = YES;
				GCC_WARN_64_TO_32_BIT_CONVERSION = YES;
				GCC_WARN_ABOUT_RETURN_TYPE = YES_ERROR;
				GCC_WARN_UNDECLARED_SELECTOR = YES;
				GCC_WARN_UNINITIALIZED_AUTOS = YES_AGGRESSIVE;
				GCC_WARN_UNUSED_FUNCTION = YES;
				GCC_WARN_UNUSED_VARIABLE = YES;
				IPHONEOS_DEPLOYMENT_TARGET = 14.0;
				MTL_ENABLE_DEBUG_INFO = NO;
				MTL_FAST_MATH = YES;
				SDKROOT = iphoneos;
				SWIFT_COMPILATION_MODE = wholemodule;
				SWIFT_OPTIMIZATION_LEVEL = "-O";
				VALIDATE_PRODUCT = YES;
			};
			name = Release;
		};
		18D8FB8E273266F800D7AD8F /* Debug */ = {
			isa = XCBuildConfiguration;
			buildSettings = {
				ASSETCATALOG_COMPILER_APPICON_NAME = AppIcon;
				ASSETCATALOG_COMPILER_GLOBAL_ACCENT_COLOR_NAME = AccentColor;
				CODE_SIGN_STYLE = Automatic;
				INFOPLIST_FILE = Day04/Info.plist;
				LD_RUNPATH_SEARCH_PATHS = (
					"$(inherited)",
					"@executable_path/Frameworks",
				);
				PRODUCT_BUNDLE_IDENTIFIER = com.mega.Day04;
				PRODUCT_NAME = "$(TARGET_NAME)";
				SWIFT_VERSION = 5.0;
				TARGETED_DEVICE_FAMILY = "1,2";
			};
			name = Debug;
		};
		18D8FB8F273266F800D7AD8F /* Release */ = {
			isa = XCBuildConfiguration;
			buildSettings = {
				ASSETCATALOG_COMPILER_APPICON_NAME = AppIcon;
				ASSETCATALOG_COMPILER_GLOBAL_ACCENT_COLOR_NAME = AccentColor;
				CODE_SIGN_STYLE = Automatic;
				INFOPLIST_FILE = Day04/Info.plist;
				LD_RUNPATH_SEARCH_PATHS = (
					"$(inherited)",
					"@executable_path/Frameworks",
				);
				PRODUCT_BUNDLE_IDENTIFIER = com.mega.Day04;
				PRODUCT_NAME = "$(TARGET_NAME)";
				SWIFT_VERSION = 5.0;
				TARGETED_DEVICE_FAMILY = "1,2";
			};
			name = Release;
		};
/* End XCBuildConfiguration section */

/* Begin XCConfigurationList section */
		18D8FB74273266F600D7AD8F /* Build configuration list for PBXProject "Day04" */ = {
			isa = XCConfigurationList;
			buildConfigurations = (
				18D8FB8B273266F800D7AD8F /* Debug */,
				18D8FB8C273266F800D7AD8F /* Release */,
			);
			defaultConfigurationIsVisible = 0;
			defaultConfigurationName = Release;
		};
		18D8FB8D273266F800D7AD8F /* Build configuration list for PBXNativeTarget "Day04" */ = {
			isa = XCConfigurationList;
			buildConfigurations = (
				18D8FB8E273266F800D7AD8F /* Debug */,
				18D8FB8F273266F800D7AD8F /* Release */,
			);
			defaultConfigurationIsVisible = 0;
			defaultConfigurationName = Release;
		};
/* End XCConfigurationList section */
	};
	rootObject = 18D8FB71273266F600D7AD8F /* Project object */;
}
